
Microsoft Visual Studio Solution File, Format Version 12.00
# Visual Studio Version 17
VisualStudioVersion = 17.3.32929.385
MinimumVisualStudioVersion = 10.0.40219.1
Project("{FAE04EC0-301F-11D3-BF4B-00C04F79EFBC}") = "Cloudculator.Console", "Cloudculator.Console\Cloudculator.Console.csproj", "{872F5F10-0080-4E7B-86AA-45A2CB956830}"
EndProject
Project("{FAE04EC0-301F-11D3-BF4B-00C04F79EFBC}") = "Cloudculator.Core", "Cloudculator.Core\Cloudculator.Core.csproj", "{28B2A46B-A360-4FD9-9F8A-394D30DF1BF2}"
EndProject
Project("{FAE04EC0-301F-11D3-BF4B-00C04F79EFBC}") = "Cloudculator.Core.UnitTests", "Cloudculator.Core.UnitTests\Cloudculator.Core.UnitTests.csproj", "{A6F0907D-D9F6-4E9D-A85C-CEA43DC1293F}"
EndProject
Global
	GlobalSection(SolutionConfigurationPlatforms) = preSolution
		Debug|Any CPU = Debug|Any CPU
		Release|Any CPU = Release|Any CPU
	EndGlobalSection
	GlobalSection(ProjectConfigurationPlatforms) = postSolution
		{872F5F10-0080-4E7B-86AA-45A2CB956830}.Debug|Any CPU.ActiveCfg = Debug|Any CPU
		{872F5F10-0080-4E7B-86AA-45A2CB956830}.Debug|Any CPU.Build.0 = Debug|Any CPU
		{872F5F10-0080-4E7B-86AA-45A2CB956830}.Release|Any CPU.ActiveCfg = Release|Any CPU
		{872F5F10-0080-4E7B-86AA-45A2CB956830}.Release|Any CPU.Build.0 = Release|Any CPU
		{28B2A46B-A360-4FD9-9F8A-394D30DF1BF2}.Debug|Any CPU.ActiveCfg = Debug|Any CPU
		{28B2A46B-A360-4FD9-9F8A-394D30DF1BF2}.Debug|Any CPU.Build.0 = Debug|Any CPU
		{28B2A46B-A360-4FD9-9F8A-394D30DF1BF2}.Release|Any CPU.ActiveCfg = Release|Any CPU
		{28B2A46B-A360-4FD9-9F8A-394D30DF1BF2}.Release|Any CPU.Build.0 = Release|Any CPU
		{A6F0907D-D9F6-4E9D-A85C-CEA43DC1293F}.Debug|Any CPU.ActiveCfg = Debug|Any CPU
		{A6F0907D-D9F6-4E9D-A85C-CEA43DC1293F}.Debug|Any CPU.Build.0 = Debug|Any CPU
		{A6F0907D-D9F6-4E9D-A85C-CEA43DC1293F}.Release|Any CPU.ActiveCfg = Release|Any CPU
		{A6F0907D-D9F6-4E9D-A85C-CEA43DC1293F}.Release|Any CPU.Build.0 = Release|Any CPU
	EndGlobalSection
	GlobalSection(SolutionProperties) = preSolution
		HideSolutionNode = FALSE
	EndGlobalSection
	GlobalSection(ExtensibilityGlobals) = postSolution
		SolutionGuid = {79721A96-9E29-4CC4-B8F5-9B6A64E56D83}
	EndGlobalSection
EndGlobal
